
Microsoft Visual Studio Solution File, Format Version 12.00
# Visual Studio Version 16
VisualStudioVersion = 16.0.32901.82
MinimumVisualStudioVersion = 10.0.40219.1
Project("{FAE04EC0-301F-11D3-BF4B-00C04F79EFBC}") = "WindowsFormsApp1", "WindowsFormsApp1.csproj", "{50B448E5-C43C-48D9-8DC5-82C9408B68CE}"
EndProject
Global
	GlobalSection(SolutionConfigurationPlatforms) = preSolution
		Debug|Any CPU = Debug|Any CPU
		Debug|x64 = Debug|x64
		Release|Any CPU = Release|Any CPU
		Release|x64 = Release|x64
	EndGlobalSection
	GlobalSection(ProjectConfigurationPlatforms) = postSolution
		{50B448E5-C43C-48D9-8DC5-82C9408B68CE}.Debug|Any CPU.ActiveCfg = Debug|Any CPU
		{50B448E5-C43C-48D9-8DC5-82C9408B68CE}.Debug|Any CPU.Build.0 = Debug|Any CPU
		{50B448E5-C43C-48D9-8DC5-82C9408B68CE}.Debug|x64.ActiveCfg = Debug|x64
		{50B448E5-C43C-48D9-8DC5-82C9408B68CE}.Debug|x64.Build.0 = Debug|x64
		{50B448E5-C43C-48D9-8DC5-82C9408B68CE}.Release|Any CPU.ActiveCfg = Release|Any CPU
		{50B448E5-C43C-48D9-8DC5-82C9408B68CE}.Release|Any CPU.Build.0 = Release|Any CPU
		{50B448E5-C43C-48D9-8DC5-82C9408B68CE}.Release|x64.ActiveCfg = Release|x64
		{50B448E5-C43C-48D9-8DC5-82C9408B68CE}.Release|x64.Build.0 = Release|x64
	EndGlobalSection
	GlobalSection(SolutionProperties) = preSolution
		HideSolutionNode = FALSE
	EndGlobalSection
	GlobalSection(ExtensibilityGlobals) = postSolution
		SolutionGuid = {F31ED894-6EDD-41B1-8CD8-6E0EE486B41B}
	EndGlobalSection
EndGlobal
